
Microsoft Visual Studio Solution File, Format Version 12.00
# Visual Studio Version 16
VisualStudioVersion = 16.0.35026.282
MinimumVisualStudioVersion = 10.0.40219.1
Project("{FAE04EC0-301F-11D3-BF4B-00C04F79EFBC}") = "IssueTracker.WebUI", "IssueTracker.WebUI\IssueTracker.WebUI.csproj", "{836CCD52-C227-4F50-BB9B-41E6E650C08B}"
EndProject
Project("{FAE04EC0-301F-11D3-BF4B-00C04F79EFBC}") = "IssueTracker.BusinessLayer", "IssueTracker.BusinessLayer\IssueTracker.BusinessLayer.csproj", "{D2032627-8B79-425B-96D9-FBC0E29FA3DE}"
EndProject
Project("{FAE04EC0-301F-11D3-BF4B-00C04F79EFBC}") = "IssueTracker.WebUIHelper", "IssueTracker.WebUIHelper\IssueTracker.WebUIHelper.csproj", "{DF21ECFB-DC18-4764-9F1D-0519A39512BF}"
EndProject
Project("{2150E333-8FDC-42A3-9474-1A3956D46DE8}") = "tests", "tests", "{AC071A58-153A-4D1F-9299-61E6762606AC}"
EndProject
Project("{FAE04EC0-301F-11D3-BF4B-00C04F79EFBC}") = "IssueTracker.BusinessLayer.UnitTests", "IssueTracker.BusinessLayer.Tests.UnitTests\IssueTracker.BusinessLayer.UnitTests.csproj", "{B0430831-4291-4BC3-90E7-0D1E5D4AA4B6}"
EndProject
Project("{00D1A9C2-B5F0-4AF3-8072-F6C62B433612}") = "IssueTracker.Database", "IssueTracker.Database\IssueTracker.Database.sqlproj", "{A3E3FBBC-FA70-4BF3-96B3-AAAEF447FF05}"
EndProject
Project("{FAE04EC0-301F-11D3-BF4B-00C04F79EFBC}") = "IssueTracker.WebAPI", "IssueTracker.WebAPI\IssueTracker.WebAPI.csproj", "{7E48C1CE-6A47-4E37-B3F2-A9CD267B0AE8}"
	ProjectSection(ProjectDependencies) = postProject
		{D2032627-8B79-425B-96D9-FBC0E29FA3DE} = {D2032627-8B79-425B-96D9-FBC0E29FA3DE}
	EndProjectSection
EndProject
Project("{2150E333-8FDC-42A3-9474-1A3956D46DE8}") = "UnitTests", "UnitTests", "{21F293E3-BD37-4C5A-94B5-6E521C92EE2B}"
EndProject
Global
	GlobalSection(SolutionConfigurationPlatforms) = preSolution
		Debug|Any CPU = Debug|Any CPU
		Release|Any CPU = Release|Any CPU
	EndGlobalSection
	GlobalSection(ProjectConfigurationPlatforms) = postSolution
		{836CCD52-C227-4F50-BB9B-41E6E650C08B}.Debug|Any CPU.ActiveCfg = Debug|Any CPU
		{836CCD52-C227-4F50-BB9B-41E6E650C08B}.Debug|Any CPU.Build.0 = Debug|Any CPU
		{836CCD52-C227-4F50-BB9B-41E6E650C08B}.Release|Any CPU.ActiveCfg = Release|Any CPU
		{836CCD52-C227-4F50-BB9B-41E6E650C08B}.Release|Any CPU.Build.0 = Release|Any CPU
		{D2032627-8B79-425B-96D9-FBC0E29FA3DE}.Debug|Any CPU.ActiveCfg = Debug|Any CPU
		{D2032627-8B79-425B-96D9-FBC0E29FA3DE}.Debug|Any CPU.Build.0 = Debug|Any CPU
		{D2032627-8B79-425B-96D9-FBC0E29FA3DE}.Release|Any CPU.ActiveCfg = Release|Any CPU
		{D2032627-8B79-425B-96D9-FBC0E29FA3DE}.Release|Any CPU.Build.0 = Release|Any CPU
		{DF21ECFB-DC18-4764-9F1D-0519A39512BF}.Debug|Any CPU.ActiveCfg = Debug|Any CPU
		{DF21ECFB-DC18-4764-9F1D-0519A39512BF}.Debug|Any CPU.Build.0 = Debug|Any CPU
		{DF21ECFB-DC18-4764-9F1D-0519A39512BF}.Release|Any CPU.ActiveCfg = Release|Any CPU
		{DF21ECFB-DC18-4764-9F1D-0519A39512BF}.Release|Any CPU.Build.0 = Release|Any CPU
		{B0430831-4291-4BC3-90E7-0D1E5D4AA4B6}.Debug|Any CPU.ActiveCfg = Debug|Any CPU
		{B0430831-4291-4BC3-90E7-0D1E5D4AA4B6}.Debug|Any CPU.Build.0 = Debug|Any CPU
		{B0430831-4291-4BC3-90E7-0D1E5D4AA4B6}.Release|Any CPU.ActiveCfg = Release|Any CPU
		{B0430831-4291-4BC3-90E7-0D1E5D4AA4B6}.Release|Any CPU.Build.0 = Release|Any CPU
		{A3E3FBBC-FA70-4BF3-96B3-AAAEF447FF05}.Debug|Any CPU.ActiveCfg = Debug|Any CPU
		{A3E3FBBC-FA70-4BF3-96B3-AAAEF447FF05}.Debug|Any CPU.Build.0 = Debug|Any CPU
		{A3E3FBBC-FA70-4BF3-96B3-AAAEF447FF05}.Debug|Any CPU.Deploy.0 = Debug|Any CPU
		{A3E3FBBC-FA70-4BF3-96B3-AAAEF447FF05}.Release|Any CPU.ActiveCfg = Release|Any CPU
		{A3E3FBBC-FA70-4BF3-96B3-AAAEF447FF05}.Release|Any CPU.Build.0 = Release|Any CPU
		{A3E3FBBC-FA70-4BF3-96B3-AAAEF447FF05}.Release|Any CPU.Deploy.0 = Release|Any CPU
		{7E48C1CE-6A47-4E37-B3F2-A9CD267B0AE8}.Debug|Any CPU.ActiveCfg = Debug|Any CPU
		{7E48C1CE-6A47-4E37-B3F2-A9CD267B0AE8}.Debug|Any CPU.Build.0 = Debug|Any CPU
		{7E48C1CE-6A47-4E37-B3F2-A9CD267B0AE8}.Release|Any CPU.ActiveCfg = Release|Any CPU
		{7E48C1CE-6A47-4E37-B3F2-A9CD267B0AE8}.Release|Any CPU.Build.0 = Release|Any CPU
	EndGlobalSection
	GlobalSection(SolutionProperties) = preSolution
		HideSolutionNode = FALSE
	EndGlobalSection
	GlobalSection(NestedProjects) = preSolution
		{B0430831-4291-4BC3-90E7-0D1E5D4AA4B6} = {21F293E3-BD37-4C5A-94B5-6E521C92EE2B}
		{21F293E3-BD37-4C5A-94B5-6E521C92EE2B} = {AC071A58-153A-4D1F-9299-61E6762606AC}
	EndGlobalSection
	GlobalSection(ExtensibilityGlobals) = postSolution
		SolutionGuid = {5E6B80A4-1DEA-4EFC-8BB9-F532766F63F6}
	EndGlobalSection
EndGlobal
